(
(def a1 ': dem (egal a b) : loi)
(def a2 ': dem (egal b c) : loi)
(def d1 : a2 a1 TRANS)
(d1 PRINT)
(d1 VERIF PRINT)
(a1 AJDEMBASE)
(a2 AJDEMBASE)
(-1 SETINCR)
(def-elems (a b c))
('(egal a c) DEM PRINT)
('(I a) RECR PRINT)
('() SETLCTXS)
(-1 SETINCR)
(ALT ('(I x) SIMPLIFLCS PRINT END) : GETPRIO -15 PLUS SETPRIO : ALT END : '() SETLCTXS) 
(ALT ('(I x) SFDLCS PRINT END) : GETPRIO -10 PLUS SETPRIO : ALT END : '() SETLCTXS) 
('(x x) 'x ABSTRACTLCS PRINT)
('(x x) 'x ATDLCS PRINT)
(ALT (plsimpliflcs '((I x) &y) %y PRINT END) : GETPRIO -15 PLUS SETPRIO : ALT END : '() SETLCTXS)
('I FORMEXT-TERME PRINT)
('(egal I I) FORMEXT-EG PRINT)
('(ABS x (x x)) LCS-FORMINT PRINT)
('(PT x : egal x x) LCS-FORMINT-EG PRINT)
 
)

